
Microsoft Visual Studio Solution File, Format Version 12.00
# Visual Studio Version 17
VisualStudioVersion = 17.0.31903.59
MinimumVisualStudioVersion = 10.0.40219.1
Project("{FAE04EC0-301F-11D3-BF4B-00C04F79EFBC}") = "ExtintorCrm.App", "ExtintorCrm.App\ExtintorCrm.App.csproj", "{7DF96B0D-D0A7-4792-92F7-4DA3CA5C2AA0}"
EndProject
Project("{FAE04EC0-301F-11D3-BF4B-00C04F79EFBC}") = "ExtintorCrm.App.SmokeTests", "ExtintorCrm.App.SmokeTests\ExtintorCrm.App.SmokeTests.csproj", "{6BC22761-F055-4CC4-98CF-8F53281D2B67}"
EndProject
Global
	GlobalSection(SolutionConfigurationPlatforms) = preSolution
		Debug|Any CPU = Debug|Any CPU
		Debug|x64 = Debug|x64
		Debug|x86 = Debug|x86
		Release|Any CPU = Release|Any CPU
		Release|x64 = Release|x64
		Release|x86 = Release|x86
	EndGlobalSection
	GlobalSection(ProjectConfigurationPlatforms) = postSolution
		{7DF96B0D-D0A7-4792-92F7-4DA3CA5C2AA0}.Debug|Any CPU.ActiveCfg = Debug|Any CPU
		{7DF96B0D-D0A7-4792-92F7-4DA3CA5C2AA0}.Debug|Any CPU.Build.0 = Debug|Any CPU
		{7DF96B0D-D0A7-4792-92F7-4DA3CA5C2AA0}.Debug|x64.ActiveCfg = Debug|Any CPU
		{7DF96B0D-D0A7-4792-92F7-4DA3CA5C2AA0}.Debug|x64.Build.0 = Debug|Any CPU
		{7DF96B0D-D0A7-4792-92F7-4DA3CA5C2AA0}.Debug|x86.ActiveCfg = Debug|Any CPU
		{7DF96B0D-D0A7-4792-92F7-4DA3CA5C2AA0}.Debug|x86.Build.0 = Debug|Any CPU
		{7DF96B0D-D0A7-4792-92F7-4DA3CA5C2AA0}.Release|Any CPU.ActiveCfg = Release|Any CPU
		{7DF96B0D-D0A7-4792-92F7-4DA3CA5C2AA0}.Release|Any CPU.Build.0 = Release|Any CPU
		{7DF96B0D-D0A7-4792-92F7-4DA3CA5C2AA0}.Release|x64.ActiveCfg = Release|Any CPU
		{7DF96B0D-D0A7-4792-92F7-4DA3CA5C2AA0}.Release|x64.Build.0 = Release|Any CPU
		{7DF96B0D-D0A7-4792-92F7-4DA3CA5C2AA0}.Release|x86.ActiveCfg = Release|Any CPU
		{7DF96B0D-D0A7-4792-92F7-4DA3CA5C2AA0}.Release|x86.Build.0 = Release|Any CPU
		{6BC22761-F055-4CC4-98CF-8F53281D2B67}.Debug|Any CPU.ActiveCfg = Debug|Any CPU
		{6BC22761-F055-4CC4-98CF-8F53281D2B67}.Debug|x64.ActiveCfg = Debug|Any CPU
		{6BC22761-F055-4CC4-98CF-8F53281D2B67}.Debug|x86.ActiveCfg = Debug|Any CPU
		{6BC22761-F055-4CC4-98CF-8F53281D2B67}.Release|Any CPU.ActiveCfg = Release|Any CPU
		{6BC22761-F055-4CC4-98CF-8F53281D2B67}.Release|x64.ActiveCfg = Release|Any CPU
		{6BC22761-F055-4CC4-98CF-8F53281D2B67}.Release|x86.ActiveCfg = Release|Any CPU
	EndGlobalSection
	GlobalSection(SolutionProperties) = preSolution
		HideSolutionNode = FALSE
	EndGlobalSection
EndGlobal
